// !$*UTF8*$!
{
	archiveVersion = 1;
	classes = {
	};
	objectVersion = 46;
	objects = {

/* Begin PBXBuildFile section */
		C910FE901A13BE7200B73609 /* AppInfo.m in Sources */ = {isa = PBXBuildFile; fileRef = C910FE8F1A13BE7200B73609 /* AppInfo.m */; };
		C91D510F1A13A7A100C3CC26 /* AppDelegate.swift in Sources */ = {isa = PBXBuildFile; fileRef = C91D510E1A13A7A100C3CC26 /* AppDelegate.swift */; };
		C91D51111A13A7A100C3CC26 /* MasterViewController.swift in Sources */ = {isa = PBXBuildFile; fileRef = C91D51101A13A7A100C3CC26 /* MasterViewController.swift */; };
		C91D51131A13A7A100C3CC26 /* DetailViewController.swift in Sources */ = {isa = PBXBuildFile; fileRef = C91D51121A13A7A100C3CC26 /* DetailViewController.swift */; };
		C91D51161A13A7A100C3CC26 /* Main.storyboard in Resources */ = {isa = PBXBuildFile; fileRef = C91D51141A13A7A100C3CC26 /* Main.storyboard */; };
		C91D51181A13A7A100C3CC26 /* Images.xcassets in Resources */ = {isa = PBXBuildFile; fileRef = C91D51171A13A7A100C3CC26 /* Images.xcassets */; };
		C91D511B1A13A7A100C3CC26 /* LaunchScreen.xib in Resources */ = {isa = PBXBuildFile; fileRef = C91D51191A13A7A100C3CC26 /* LaunchScreen.xib */; };
		C91D51271A13A7A200C3CC26 /* AppListerTests.swift in Sources */ = {isa = PBXBuildFile; fileRef = C91D51261A13A7A200C3CC26 /* AppListerTests.swift */; };
		C91D51331A13A93200C3CC26 /* AppList.m in Sources */ = {isa = PBXBuildFile; fileRef = C91D51321A13A93200C3CC26 /* AppList.m */; };
/* End PBXBuildFile section */

/* Begin PBXContainerItemProxy section */
		C91D51211A13A7A200C3CC26 /* PBXContainerItemProxy */ = {
			isa = PBXContainerItemProxy;
			containerPortal = C91D51011A13A7A100C3CC26 /* Project object */;
			proxyType = 1;
			remoteGlobalIDString = C91D51081A13A7A100C3CC26;
			remoteInfo = AppLister;
		};
/* End PBXContainerItemProxy section */

/* Begin PBXFileReference section */
		C910FE8E1A13BE7200B73609 /* AppInfo.h */ = {isa = PBXFileReference; fileEncoding = 4; lastKnownFileType = sourcecode.c.h; path = AppInfo.h; sourceTree = "<group>"; };
		C910FE8F1A13BE7200B73609 /* AppInfo.m */ = {isa = PBXFileReference; fileEncoding = 4; lastKnownFileType = sourcecode.c.objc; path = AppInfo.m; sourceTree = "<group>"; };
		C91D51091A13A7A100C3CC26 /* AppLister.app */ = {isa = PBXFileReference; explicitFileType = wrapper.application; includeInIndex = 0; path = AppLister.app; sourceTree = BUILT_PRODUCTS_DIR; };
		C91D510D1A13A7A100C3CC26 /* Info.plist */ = {isa = PBXFileReference; lastKnownFileType = text.plist.xml; path = Info.plist; sourceTree = "<group>"; };
		C91D510E1A13A7A100C3CC26 /* AppDelegate.swift */ = {isa = PBXFileReference; lastKnownFileType = sourcecode.swift; path = AppDelegate.swift; sourceTree = "<group>"; };
		C91D51101A13A7A100C3CC26 /* MasterViewController.swift */ = {isa = PBXFileReference; lastKnownFileType = sourcecode.swift; path = MasterViewController.swift; sourceTree = "<group>"; };
		C91D51121A13A7A100C3CC26 /* DetailViewController.swift */ = {isa = PBXFileReference; lastKnownFileType = sourcecode.swift; path = DetailViewController.swift; sourceTree = "<group>"; };
		C91D51151A13A7A100C3CC26 /* Base */ = {isa = PBXFileReference; lastKnownFileType = file.storyboard; name = Base; path = Base.lproj/Main.storyboard; sourceTree = "<group>"; };
		C91D51171A13A7A100C3CC26 /* Images.xcassets */ = {isa = PBXFileReference; lastKnownFileType = folder.assetcatalog; path = Images.xcassets; sourceTree = "<group>"; };
		C91D511A1A13A7A100C3CC26 /* Base */ = {isa = PBXFileReference; lastKnownFileType = file.xib; name = Base; path = Base.lproj/LaunchScreen.xib; sourceTree = "<group>"; };
		C91D51201A13A7A200C3CC26 /* AppListerTests.xctest */ = {isa = PBXFileReference; explicitFileType = wrapper.cfbundle; includeInIndex = 0; path = AppListerTests.xctest; sourceTree = BUILT_PRODUCTS_DIR; };
		C91D51251A13A7A200C3CC26 /* Info.plist */ = {isa = PBXFileReference; lastKnownFileType = text.plist.xml; path = Info.plist; sourceTree = "<group>"; };
		C91D51261A13A7A200C3CC26 /* AppListerTests.swift */ = {isa = PBXFileReference; lastKnownFileType = sourcecode.swift; path = AppListerTests.swift; sourceTree = "<group>"; };
		C91D51301A13A93200C3CC26 /* AppLister-Bridging-Header.h */ = {isa = PBXFileReference; lastKnownFileType = sourcecode.c.h; path = "AppLister-Bridging-Header.h"; sourceTree = "<group>"; };
		C91D51311A13A93200C3CC26 /* AppList.h */ = {isa = PBXFileReference; fileEncoding = 4; lastKnownFileType = sourcecode.c.h; path = AppList.h; sourceTree = "<group>"; };
		C91D51321A13A93200C3CC26 /* AppList.m */ = {isa = PBXFileReference; fileEncoding = 4; lastKnownFileType = sourcecode.c.objc; path = AppList.m; sourceTree = "<group>"; };
		C97939E41A13FD1600FFB38D /* LSApplicationProxy.h */ = {isa = PBXFileReference; fileEncoding = 4; lastKnownFileType = sourcecode.c.h; path = LSApplicationProxy.h; sourceTree = "<group>"; };
		C97939E51A13FD1600FFB38D /* LSBundleProxy.h */ = {isa = PBXFileReference; fileEncoding = 4; lastKnownFileType = sourcecode.c.h; path = LSBundleProxy.h; sourceTree = "<group>"; };
		C97939E61A13FD1600FFB38D /* LSResourceProxy.h */ = {isa = PBXFileReference; fileEncoding = 4; lastKnownFileType = sourcecode.c.h; path = LSResourceProxy.h; sourceTree = "<group>"; };
/* End PBXFileReference section */

/* Begin PBXFrameworksBuildPhase section */
		C91D51061A13A7A100C3CC26 /* Frameworks */ = {
			isa = PBXFrameworksBuildPhase;
			buildActionMask = 2147483647;
			files = (
			);
			runOnlyForDeploymentPostprocessing = 0;
		};
		C91D511D1A13A7A200C3CC26 /* Frameworks */ = {
			isa = PBXFrameworksBuildPhase;
			buildActionMask = 2147483647;
			files = (
			);
			runOnlyForDeploymentPostprocessing = 0;
		};
/* End PBXFrameworksBuildPhase section */

/* Begin PBXGroup section */
		C91D51001A13A7A100C3CC26 = {
			isa = PBXGroup;
			children = (
				C91D510B1A13A7A100C3CC26 /* AppLister */,
				C91D51231A13A7A200C3CC26 /* AppListerTests */,
				C91D510A1A13A7A100C3CC26 /* Products */,
			);
			sourceTree = "<group>";
		};
		C91D510A1A13A7A100C3CC26 /* Products */ = {
			isa = PBXGroup;
			children = (
				C91D51091A13A7A100C3CC26 /* AppLister.app */,
				C91D51201A13A7A200C3CC26 /* AppListerTests.xctest */,
			);
			name = Products;
			sourceTree = "<group>";
		};
		C91D510B1A13A7A100C3CC26 /* AppLister */ = {
			isa = PBXGroup;
			children = (
				C97939E41A13FD1600FFB38D /* LSApplicationProxy.h */,
				C97939E51A13FD1600FFB38D /* LSBundleProxy.h */,
				C97939E61A13FD1600FFB38D /* LSResourceProxy.h */,
				C91D51301A13A93200C3CC26 /* AppLister-Bridging-Header.h */,
				C91D510E1A13A7A100C3CC26 /* AppDelegate.swift */,
				C91D51101A13A7A100C3CC26 /* MasterViewController.swift */,
				C91D51121A13A7A100C3CC26 /* DetailViewController.swift */,
				C910FE8E1A13BE7200B73609 /* AppInfo.h */,
				C910FE8F1A13BE7200B73609 /* AppInfo.m */,
				C91D51311A13A93200C3CC26 /* AppList.h */,
				C91D51321A13A93200C3CC26 /* AppList.m */,
				C91D51141A13A7A100C3CC26 /* Main.storyboard */,
				C91D51171A13A7A100C3CC26 /* Images.xcassets */,
				C91D51191A13A7A100C3CC26 /* LaunchScreen.xib */,
				C91D510C1A13A7A100C3CC26 /* Supporting Files */,
			);
			path = AppLister;
			sourceTree = "<group>";
		};
		C91D510C1A13A7A100C3CC26 /* Supporting Files */ = {
			isa = PBXGroup;
			children = (
				C91D510D1A13A7A100C3CC26 /* Info.plist */,
			);
			name = "Supporting Files";
			sourceTree = "<group>";
		};
		C91D51231A13A7A200C3CC26 /* AppListerTests */ = {
			isa = PBXGroup;
			children = (
				C91D51261A13A7A200C3CC26 /* AppListerTests.swift */,
				C91D51241A13A7A200C3CC26 /* Supporting Files */,
			);
			path = AppListerTests;
			sourceTree = "<group>";
		};
		C91D51241A13A7A200C3CC26 /* Supporting Files */ = {
			isa = PBXGroup;
			children = (
				C91D51251A13A7A200C3CC26 /* Info.plist */,
			);
			name = "Supporting Files";
			sourceTree = "<group>";
		};
/* End PBXGroup section */

/* Begin PBXNativeTarget section */
		C91D51081A13A7A100C3CC26 /* AppLister */ = {
			isa = PBXNativeTarget;
			buildConfigurationList = C91D512A1A13A7A200C3CC26 /* Build configuration list for PBXNativeTarget "AppLister" */;
			buildPhases = (
				C91D51051A13A7A100C3CC26 /* Sources */,
				C91D51061A13A7A100C3CC26 /* Frameworks */,
				C91D51071A13A7A100C3CC26 /* Resources */,
			);
			buildRules = (
			);
			dependencies = (
			);
			name = AppLister;
			productName = AppLister;
			productReference = C91D51091A13A7A100C3CC26 /* AppLister.app */;
			productType = "com.apple.product-type.application";
		};
		C91D511F1A13A7A200C3CC26 /* AppListerTests */ = {
			isa = PBXNativeTarget;
			buildConfigurationList = C91D512D1A13A7A200C3CC26 /* Build configuration list for PBXNativeTarget "AppListerTests" */;
			buildPhases = (
				C91D511C1A13A7A200C3CC26 /* Sources */,
				C91D511D1A13A7A200C3CC26 /* Frameworks */,
				C91D511E1A13A7A200C3CC26 /* Resources */,
			);
			buildRules = (
			);
			dependencies = (
				C91D51221A13A7A200C3CC26 /* PBXTargetDependency */,
			);
			name = AppListerTests;
			productName = AppListerTests;
			productReference = C91D51201A13A7A200C3CC26 /* AppListerTests.xctest */;
			productType = "com.apple.product-type.bundle.unit-test";
		};
/* End PBXNativeTarget section */

/* Begin PBXProject section */
		C91D51011A13A7A100C3CC26 /* Project object */ = {
			isa = PBXProject;
			attributes = {
				LastUpgradeCheck = 0610;
				ORGANIZATIONNAME = "BlueDino Software";
				TargetAttributes = {
					C91D51081A13A7A100C3CC26 = {
						CreatedOnToolsVersion = 6.1;
					};
					C91D511F1A13A7A200C3CC26 = {
						CreatedOnToolsVersion = 6.1;
						TestTargetID = C91D51081A13A7A100C3CC26;
					};
				};
			};
			buildConfigurationList = C91D51041A13A7A100C3CC26 /* Build configuration list for PBXProject "AppLister" */;
			compatibilityVersion = "Xcode 3.2";
			developmentRegion = English;
			hasScannedForEncodings = 0;
			knownRegions = (
				en,
				Base,
			);
			mainGroup = C91D51001A13A7A100C3CC26;
			productRefGroup = C91D510A1A13A7A100C3CC26 /* Products */;
			projectDirPath = "";
			projectRoot = "";
			targets = (
				C91D51081A13A7A100C3CC26 /* AppLister */,
				C91D511F1A13A7A200C3CC26 /* AppListerTests */,
			);
		};
/* End PBXProject section */

/* Begin PBXResourcesBuildPhase section */
		C91D51071A13A7A100C3CC26 /* Resources */ = {
			isa = PBXResourcesBuildPhase;
			buildActionMask = 2147483647;
			files = (
				C91D51161A13A7A100C3CC26 /* Main.storyboard in Resources */,
				C91D511B1A13A7A100C3CC26 /* LaunchScreen.xib in Resources */,
				C91D51181A13A7A100C3CC26 /* Images.xcassets in Resources */,
			);
			runOnlyForDeploymentPostprocessing = 0;
		};
		C91D511E1A13A7A200C3CC26 /* Resources */ = {
			isa = PBXResourcesBuildPhase;
			buildActionMask = 2147483647;
			files = (
			);
			runOnlyForDeploymentPostprocessing = 0;
		};
/* End PBXResourcesBuildPhase section */

/* Begin PBXSourcesBuildPhase section */
		C91D51051A13A7A100C3CC26 /* Sources */ = {
			isa = PBXSourcesBuildPhase;
			buildActionMask = 2147483647;
			files = (
				C910FE901A13BE7200B73609 /* AppInfo.m in Sources */,
				C91D51131A13A7A100C3CC26 /* DetailViewController.swift in Sources */,
				C91D51331A13A93200C3CC26 /* AppList.m in Sources */,
				C91D51111A13A7A100C3CC26 /* MasterViewController.swift in Sources */,
				C91D510F1A13A7A100C3CC26 /* AppDelegate.swift in Sources */,
			);
			runOnlyForDeploymentPostprocessing = 0;
		};
		C91D511C1A13A7A200C3CC26 /* Sources */ = {
			isa = PBXSourcesBuildPhase;
			buildActionMask = 2147483647;
			files = (
				C91D51271A13A7A200C3CC26 /* AppListerTests.swift in Sources */,
			);
			runOnlyForDeploymentPostprocessing = 0;
		};
/* End PBXSourcesBuildPhase section */

/* Begin PBXTargetDependency section */
		C91D51221A13A7A200C3CC26 /* PBXTargetDependency */ = {
			isa = PBXTargetDependency;
			target = C91D51081A13A7A100C3CC26 /* AppLister */;
			targetProxy = C91D51211A13A7A200C3CC26 /* PBXContainerItemProxy */;
		};
/* End PBXTargetDependency section */

/* Begin PBXVariantGroup section */
		C91D51141A13A7A100C3CC26 /* Main.storyboard */ = {
			isa = PBXVariantGroup;
			children = (
				C91D51151A13A7A100C3CC26 /* Base */,
			);
			name = Main.storyboard;
			sourceTree = "<group>";
		};
		C91D51191A13A7A100C3CC26 /* LaunchScreen.xib */ = {
			isa = PBXVariantGroup;
			children = (
				C91D511A1A13A7A100C3CC26 /* Base */,
			);
			name = LaunchScreen.xib;
			sourceTree = "<group>";
		};
/* End PBXVariantGroup section */

/* Begin XCBuildConfiguration section */
		C91D51281A13A7A200C3CC26 /* Debug */ = {
			isa = XCBuildConfiguration;
			buildSettings = {
				ALWAYS_SEARCH_USER_PATHS = NO;
				CLANG_CXX_LANGUAGE_STANDARD = "gnu++0x";
				CLANG_CXX_LIBRARY = "libc++";
				CLANG_ENABLE_MODULES = YES;
				CLANG_ENABLE_OBJC_ARC = YES;
				CLANG_WARN_BOOL_CONVERSION = YES;
				CLANG_WARN_CONSTANT_CONVERSION = YES;
				CLANG_WARN_DIRECT_OBJC_ISA_USAGE = YES_ERROR;
				CLANG_WARN_EMPTY_BODY = YES;
				CLANG_WARN_ENUM_CONVERSION = YES;
				CLANG_WARN_INT_CONVERSION = YES;
				CLANG_WARN_OBJC_ROOT_CLASS = YES_ERROR;
				CLANG_WARN_UNREACHABLE_CODE = YES;
				CLANG_WARN__DUPLICATE_METHOD_MATCH = YES;
				"CODE_SIGN_IDENTITY[sdk=iphoneos*]" = "iPhone Developer";
				COPY_PHASE_STRIP = NO;
				ENABLE_STRICT_OBJC_MSGSEND = YES;
				GCC_C_LANGUAGE_STANDARD = gnu99;
				GCC_DYNAMIC_NO_PIC = NO;
				GCC_OPTIMIZATION_LEVEL = 0;
				GCC_PREPROCESSOR_DEFINITIONS = (
					"DEBUG=1",
					"$(inherited)",
				);
				GCC_SYMBOLS_PRIVATE_EXTERN = NO;
				GCC_WARN_64_TO_32_BIT_CONVERSION = YES;
				GCC_WARN_ABOUT_RETURN_TYPE = YES_ERROR;
				GCC_WARN_UNDECLARED_SELECTOR = YES;
				GCC_WARN_UNINITIALIZED_AUTOS = YES_AGGRESSIVE;
				GCC_WARN_UNUSED_FUNCTION = YES;
				GCC_WARN_UNUSED_VARIABLE = YES;
				IPHONEOS_DEPLOYMENT_TARGET = 8.1;
				MTL_ENABLE_DEBUG_INFO = YES;
				ONLY_ACTIVE_ARCH = YES;
				SDKROOT = iphoneos;
				SWIFT_OPTIMIZATION_LEVEL = "-Onone";
				TARGETED_DEVICE_FAMILY = "1,2";
			};
			name = Debug;
		};
		C91D51291A13A7A200C3CC26 /* Release */ = {
			isa = XCBuildConfiguration;
			buildSettings = {
				ALWAYS_SEARCH_USER_PATHS = NO;
				CLANG_CXX_LANGUAGE_STANDARD = "gnu++0x";
				CLANG_CXX_LIBRARY = "libc++";
				CLANG_ENABLE_MODULES = YES;
				CLANG_ENABLE_OBJC_ARC = YES;
				CLANG_WARN_BOOL_CONVERSION = YES;
				CLANG_WARN_CONSTANT_CONVERSION = YES;
				CLANG_WARN_DIRECT_OBJC_ISA_USAGE = YES_ERROR;
				CLANG_WARN_EMPTY_BODY = YES;
				CLANG_WARN_ENUM_CONVERSION = YES;
				CLANG_WARN_INT_CONVERSION = YES;
				CLANG_WARN_OBJC_ROOT_CLASS = YES_ERROR;
				CLANG_WARN_UNREACHABLE_CODE = YES;
				CLANG_WARN__DUPLICATE_METHOD_MATCH = YES;
				"CODE_SIGN_IDENTITY[sdk=iphoneos*]" = "iPhone Developer";
				COPY_PHASE_STRIP = YES;
				ENABLE_NS_ASSERTIONS = NO;
				ENABLE_STRICT_OBJC_MSGSEND = YES;
				GCC_C_LANGUAGE_STANDARD = gnu99;
				GCC_WARN_64_TO_32_BIT_CONVERSION = YES;
				GCC_WARN_ABOUT_RETURN_TYPE = YES_ERROR;
				GCC_WARN_UNDECLARED_SELECTOR = YES;
				GCC_WARN_UNINITIALIZED_AUTOS = YES_AGGRESSIVE;
				GCC_WARN_UNUSED_FUNCTION = YES;
				GCC_WARN_UNUSED_VARIABLE = YES;
				IPHONEOS_DEPLOYMENT_TARGET = 8.1;
				MTL_ENABLE_DEBUG_INFO = NO;
				SDKROOT = iphoneos;
				TARGETED_DEVICE_FAMILY = "1,2";
				VALIDATE_PRODUCT = YES;
			};
			name = Release;
		};
		C91D512B1A13A7A200C3CC26 /* Debug */ = {
			isa = XCBuildConfiguration;
			buildSettings = {
				ASSETCATALOG_COMPILER_APPICON_NAME = AppIcon;
				CLANG_ENABLE_MODULES = YES;
				GCC_TREAT_WARNINGS_AS_ERRORS = YES;
				INFOPLIST_FILE = AppLister/Info.plist;
				LD_RUNPATH_SEARCH_PATHS = "$(inherited) @executable_path/Frameworks";
				PRODUCT_NAME = "$(TARGET_NAME)";
				SWIFT_OBJC_BRIDGING_HEADER = "AppLister/AppLister-Bridging-Header.h";
				SWIFT_OPTIMIZATION_LEVEL = "-Onone";
			};
			name = Debug;
		};
		C91D512C1A13A7A200C3CC26 /* Release */ = {
			isa = XCBuildConfiguration;
			buildSettings = {
				ASSETCATALOG_COMPILER_APPICON_NAME = AppIcon;
				CLANG_ENABLE_MODULES = YES;
				GCC_TREAT_WARNINGS_AS_ERRORS = YES;
				INFOPLIST_FILE = AppLister/Info.plist;
				LD_RUNPATH_SEARCH_PATHS = "$(inherited) @executable_path/Frameworks";
				PRODUCT_NAME = "$(TARGET_NAME)";
				SWIFT_OBJC_BRIDGING_HEADER = "AppLister/AppLister-Bridging-Header.h";
			};
			name = Release;
		};
		C91D512E1A13A7A200C3CC26 /* Debug */ = {
			isa = XCBuildConfiguration;
			buildSettings = {
				BUNDLE_LOADER = "$(TEST_HOST)";
				FRAMEWORK_SEARCH_PATHS = (
					"$(SDKROOT)/Developer/Library/Frameworks",
					"$(inherited)",
				);
				GCC_PREPROCESSOR_DEFINITIONS = (
					"DEBUG=1",
					"$(inherited)",
				);
				INFOPLIST_FILE = AppListerTests/Info.plist;
				LD_RUNPATH_SEARCH_PATHS = "$(inherited) @executable_path/Frameworks @loader_path/Frameworks";
				PRODUCT_NAME = "$(TARGET_NAME)";
				TEST_HOST = "$(BUILT_PRODUCTS_DIR)/AppLister.app/AppLister";
			};
			name = Debug;
		};
		C91D512F1A13A7A200C3CC26 /* Release */ = {
			isa = XCBuildConfiguration;
			buildSettings = {
				BUNDLE_LOADER = "$(TEST_HOST)";
				FRAMEWORK_SEARCH_PATHS = (
					"$(SDKROOT)/Developer/Library/Frameworks",
					"$(inherited)",
				);
				INFOPLIST_FILE = AppListerTests/Info.plist;
				LD_RUNPATH_SEARCH_PATHS = "$(inherited) @executable_path/Frameworks @loader_path/Frameworks";
				PRODUCT_NAME = "$(TARGET_NAME)";
				TEST_HOST = "$(BUILT_PRODUCTS_DIR)/AppLister.app/AppLister";
			};
			name = Release;
		};
/* End XCBuildConfiguration section */

/* Begin XCConfigurationList section */
		C91D51041A13A7A100C3CC26 /* Build configuration list for PBXProject "AppLister" */ = {
			isa = XCConfigurationList;
			buildConfigurations = (
				C91D51281A13A7A200C3CC26 /* Debug */,
				C91D51291A13A7A200C3CC26 /* Release */,
			);
			defaultConfigurationIsVisible = 0;
			defaultConfigurationName = Release;
		};
		C91D512A1A13A7A200C3CC26 /* Build configuration list for PBXNativeTarget "AppLister" */ = {
			isa = XCConfigurationList;
			buildConfigurations = (
				C91D512B1A13A7A200C3CC26 /* Debug */,
				C91D512C1A13A7A200C3CC26 /* Release */,
			);
			defaultConfigurationIsVisible = 0;
			defaultConfigurationName = Release;
		};
		C91D512D1A13A7A200C3CC26 /* Build configuration list for PBXNativeTarget "AppListerTests" */ = {
			isa = XCConfigurationList;
			buildConfigurations = (
				C91D512E1A13A7A200C3CC26 /* Debug */,
				C91D512F1A13A7A200C3CC26 /* Release */,
			);
			defaultConfigurationIsVisible = 0;
			defaultConfigurationName = Release;
		};
/* End XCConfigurationList section */
	};
	rootObject = C91D51011A13A7A100C3CC26 /* Project object */;
}
